{
  "nodes": {
    "dotfiles": {
      "flake": false,
      "locked": {
        "lastModified": 1790651085,
        "narHash": "sha256-xPEiV6NOcxbgRXKvEMYEyh75H/Pf4Q6C1h06YYerwJM=",
        "owner": "pmarreck",
        "repo": "dotfiles",
        "rev": "8011591fc75a2d61682fd696e1d0385f6645eb5c",
        "type": "github"
      },
      "original": {
        "owner": "pmarreck",
        "repo": "dotfiles",
        "type": "github"
      }
    },
    "nixpkgs": {
      "locked": {
        "lastModified": 1787736819,
        "narHash": "sha256-cV5xEJJK3BvhU8rEd4mC9UsmDi5qscv/kzGPhBRC5WA=",
        "owner": "NixOS",
        "repo": "nixpkgs",
        "rev": "9fbb54b33e91ee4ca368e35a78e0613c720600b3",
        "type": "github"
      },
      "original": {
        "owner": "NixOS",
        "repo": "nixpkgs",
        "rev": "9fbb54b33e91ee4ca368e35a78e0613c720600b3",
        "type": "github"
      }
    },
    "printable-binary": {
      "flake": false,
      "locked": {
        "lastModified": 1784919354,
        "narHash": "sha256-N6ISjPumvcLoPoYAWErmN5Y4QMFqvjE7kcgUdJH2UY0=",
        "owner": "pmarreck",
        "repo": "printable_binary",
        "rev": "3f697d53f447144e9ba1b73c4217b382f32b4d62",
        "type": "github"
      },
      "original": {
        "owner": "pmarreck",
        "repo": "printable_binary",
        "rev": "3f697d53f447144e9ba1b73c4217b382f32b4d62",
        "type": "github"
      }
    },
    "root": {
      "inputs": {
        "dotfiles": "dotfiles",
        "nixpkgs": "nixpkgs",
        "printable-binary": "printable-binary"
      }
    }
  },
  "root": "root",
  "version": 7
}
